
Microsoft Visual Studio Solution File, Format Version 12.00
# Visual Studio Version 17
VisualStudioVersion = 17.14.37111.16 d17.14
MinimumVisualStudioVersion = 10.0.40219.1
Project("{FAE04EC0-301F-11D3-BF4B-00C04F79EFBC}") = "FinanceAppDemo01", "FinanceAppDemo01.csproj", "{1693604D-A455-4F0E-942C-6F963424B1AD}"
EndProject
Global
	GlobalSection(SolutionConfigurationPlatforms) = preSolution
		Debug|Any CPU = Debug|Any CPU
		Release|Any CPU = Release|Any CPU
	EndGlobalSection
	GlobalSection(ProjectConfigurationPlatforms) = postSolution
		{1693604D-A455-4F0E-942C-6F963424B1AD}.Debug|Any CPU.ActiveCfg = Debug|Any CPU
		{1693604D-A455-4F0E-942C-6F963424B1AD}.Debug|Any CPU.Build.0 = Debug|Any CPU
		{1693604D-A455-4F0E-942C-6F963424B1AD}.Release|Any CPU.ActiveCfg = Release|Any CPU
		{1693604D-A455-4F0E-942C-6F963424B1AD}.Release|Any CPU.Build.0 = Release|Any CPU
	EndGlobalSection
	GlobalSection(SolutionProperties) = preSolution
		HideSolutionNode = FALSE
	EndGlobalSection
	GlobalSection(ExtensibilityGlobals) = postSolution
		SolutionGuid = {AAAA59CD-AAFD-48AC-9144-C2E83266FFF5}
	EndGlobalSection
EndGlobal
